
Microsoft Visual Studio Solution File, Format Version 12.00
# Visual Studio Version 17
VisualStudioVersion = 17.3.32901.215
MinimumVisualStudioVersion = 10.0.40219.1
Project("{8BC9CEB8-8B4A-11D0-8D11-00A0C91BC942}") = "02_Builder", "02_Builder\02_Builder.vcxproj", "{232338D7-FC39-4D43-9CE3-F659D7A58B4A}"
EndProject
Project("{8BC9CEB8-8B4A-11D0-8D11-00A0C91BC942}") = "01_Abstract_Factory", "01_Abstract_Factory\patterns.vcxproj", "{8D7957C3-BD7D-400A-B091-048815C959D7}"
EndProject
Project("{8BC9CEB8-8B4A-11D0-8D11-00A0C91BC942}") = "06_Adapter", "06_Adapter\06_Adapter.vcxproj", "{F05E2A7E-AF4D-401B-800F-013F1D2F26B0}"
EndProject
Project("{8BC9CEB8-8B4A-11D0-8D11-00A0C91BC942}") = "07_Bridge", "07_Bridge\07_Bridge.vcxproj", "{65720629-B2FE-4AF2-998C-C10CA9AA668E}"
EndProject
Project("{8BC9CEB8-8B4A-11D0-8D11-00A0C91BC942}") = "12_Proxy", "12_Proxy\12_Proxy.vcxproj", "{7C2B6D95-517F-46CB-B1E8-320127F15F0C}"
EndProject
Project("{2150E333-8FDC-42A3-9474-1A3956D46DE8}") = "01 Creational", "01 Creational", "{7477C7C1-EA72-4022-8624-1B0469081945}"
EndProject
Project("{2150E333-8FDC-42A3-9474-1A3956D46DE8}") = "02 Structural", "02 Structural", "{42A306D3-CE83-4101-B8B0-4E6105730A83}"
EndProject
Project("{8BC9CEB8-8B4A-11D0-8D11-00A0C91BC942}") = "03_Factory_Method", "03_Factory_Method\03_Factory_Method.vcxproj", "{3EC26754-C927-4EA9-87AF-2C6A2CC5FD0B}"
EndProject
Project("{8BC9CEB8-8B4A-11D0-8D11-00A0C91BC942}") = "04_Prototype", "04_Prototype\04_Prototype.vcxproj", "{14B3C98D-0CB5-4AC9-9B11-4254F37DBBA2}"
EndProject
Project("{8BC9CEB8-8B4A-11D0-8D11-00A0C91BC942}") = "05_Singleton", "05_Singleton\05_Singleton.vcxproj", "{4A5035B4-8827-4641-B607-AD929B69B123}"
EndProject
Project("{8BC9CEB8-8B4A-11D0-8D11-00A0C91BC942}") = "10_Facade", "10_Facade\10_Facade.vcxproj", "{216001A8-3AD4-4080-9A0E-2EABE8512D20}"
EndProject
Project("{8BC9CEB8-8B4A-11D0-8D11-00A0C91BC942}") = "11_Flyweight", "11_Flyweight\11_Flyweight.vcxproj", "{29416AB7-30E2-4730-80DE-19C577FBC1E4}"
EndProject
Project("{2150E333-8FDC-42A3-9474-1A3956D46DE8}") = "03 Behaviour", "03 Behaviour", "{F0BFF2DB-6101-4A8F-B2BC-B405EC6A9E2D}"
EndProject
Project("{8BC9CEB8-8B4A-11D0-8D11-00A0C91BC942}") = "14_Command", "14_Command\14_Command.vcxproj", "{EA712BDB-4549-4757-A791-00598EFE97D6}"
EndProject
Project("{8BC9CEB8-8B4A-11D0-8D11-00A0C91BC942}") = "14_Command_2", "14_Command_2\14_Command_2.vcxproj", "{C0E25166-04AB-4770-A9B9-8F5209FB5913}"
EndProject
Global
	GlobalSection(SolutionConfigurationPlatforms) = preSolution
		Debug|x64 = Debug|x64
		Debug|x86 = Debug|x86
		Release|x64 = Release|x64
		Release|x86 = Release|x86
	EndGlobalSection
	GlobalSection(ProjectConfigurationPlatforms) = postSolution
		{232338D7-FC39-4D43-9CE3-F659D7A58B4A}.Debug|x64.ActiveCfg = Debug|x64
		{232338D7-FC39-4D43-9CE3-F659D7A58B4A}.Debug|x64.Build.0 = Debug|x64
		{232338D7-FC39-4D43-9CE3-F659D7A58B4A}.Debug|x86.ActiveCfg = Debug|Win32
		{232338D7-FC39-4D43-9CE3-F659D7A58B4A}.Debug|x86.Build.0 = Debug|Win32
		{232338D7-FC39-4D43-9CE3-F659D7A58B4A}.Release|x64.ActiveCfg = Release|x64
		{232338D7-FC39-4D43-9CE3-F659D7A58B4A}.Release|x64.Build.0 = Release|x64
		{232338D7-FC39-4D43-9CE3-F659D7A58B4A}.Release|x86.ActiveCfg = Release|Win32
		{232338D7-FC39-4D43-9CE3-F659D7A58B4A}.Release|x86.Build.0 = Release|Win32
		{8D7957C3-BD7D-400A-B091-048815C959D7}.Debug|x64.ActiveCfg = Debug|x64
		{8D7957C3-BD7D-400A-B091-048815C959D7}.Debug|x64.Build.0 = Debug|x64
		{8D7957C3-BD7D-400A-B091-048815C959D7}.Debug|x86.ActiveCfg = Debug|Win32
		{8D7957C3-BD7D-400A-B091-048815C959D7}.Debug|x86.Build.0 = Debug|Win32
		{8D7957C3-BD7D-400A-B091-048815C959D7}.Release|x64.ActiveCfg = Release|x64
		{8D7957C3-BD7D-400A-B091-048815C959D7}.Release|x64.Build.0 = Release|x64
		{8D7957C3-BD7D-400A-B091-048815C959D7}.Release|x86.ActiveCfg = Release|Win32
		{8D7957C3-BD7D-400A-B091-048815C959D7}.Release|x86.Build.0 = Release|Win32
		{F05E2A7E-AF4D-401B-800F-013F1D2F26B0}.Debug|x64.ActiveCfg = Debug|x64
		{F05E2A7E-AF4D-401B-800F-013F1D2F26B0}.Debug|x64.Build.0 = Debug|x64
		{F05E2A7E-AF4D-401B-800F-013F1D2F26B0}.Debug|x86.ActiveCfg = Debug|Win32
		{F05E2A7E-AF4D-401B-800F-013F1D2F26B0}.Debug|x86.Build.0 = Debug|Win32
		{F05E2A7E-AF4D-401B-800F-013F1D2F26B0}.Release|x64.ActiveCfg = Release|x64
		{F05E2A7E-AF4D-401B-800F-013F1D2F26B0}.Release|x64.Build.0 = Release|x64
		{F05E2A7E-AF4D-401B-800F-013F1D2F26B0}.Release|x86.ActiveCfg = Release|Win32
		{F05E2A7E-AF4D-401B-800F-013F1D2F26B0}.Release|x86.Build.0 = Release|Win32
		{65720629-B2FE-4AF2-998C-C10CA9AA668E}.Debug|x64.ActiveCfg = Debug|x64
		{65720629-B2FE-4AF2-998C-C10CA9AA668E}.Debug|x64.Build.0 = Debug|x64
		{65720629-B2FE-4AF2-998C-C10CA9AA668E}.Debug|x86.ActiveCfg = Debug|Win32
		{65720629-B2FE-4AF2-998C-C10CA9AA668E}.Debug|x86.Build.0 = Debug|Win32
		{65720629-B2FE-4AF2-998C-C10CA9AA668E}.Release|x64.ActiveCfg = Release|x64
		{65720629-B2FE-4AF2-998C-C10CA9AA668E}.Release|x64.Build.0 = Release|x64
		{65720629-B2FE-4AF2-998C-C10CA9AA668E}.Release|x86.ActiveCfg = Release|Win32
		{65720629-B2FE-4AF2-998C-C10CA9AA668E}.Release|x86.Build.0 = Release|Win32
		{7C2B6D95-517F-46CB-B1E8-320127F15F0C}.Debug|x64.ActiveCfg = Debug|x64
		{7C2B6D95-517F-46CB-B1E8-320127F15F0C}.Debug|x64.Build.0 = Debug|x64
		{7C2B6D95-517F-46CB-B1E8-320127F15F0C}.Debug|x86.ActiveCfg = Debug|Win32
		{7C2B6D95-517F-46CB-B1E8-320127F15F0C}.Debug|x86.Build.0 = Debug|Win32
		{7C2B6D95-517F-46CB-B1E8-320127F15F0C}.Release|x64.ActiveCfg = Release|x64
		{7C2B6D95-517F-46CB-B1E8-320127F15F0C}.Release|x64.Build.0 = Release|x64
		{7C2B6D95-517F-46CB-B1E8-320127F15F0C}.Release|x86.ActiveCfg = Release|Win32
		{7C2B6D95-517F-46CB-B1E8-320127F15F0C}.Release|x86.Build.0 = Release|Win32
		{3EC26754-C927-4EA9-87AF-2C6A2CC5FD0B}.Debug|x64.ActiveCfg = Debug|x64
		{3EC26754-C927-4EA9-87AF-2C6A2CC5FD0B}.Debug|x64.Build.0 = Debug|x64
		{3EC26754-C927-4EA9-87AF-2C6A2CC5FD0B}.Debug|x86.ActiveCfg = Debug|Win32
		{3EC26754-C927-4EA9-87AF-2C6A2CC5FD0B}.Debug|x86.Build.0 = Debug|Win32
		{3EC26754-C927-4EA9-87AF-2C6A2CC5FD0B}.Release|x64.ActiveCfg = Release|x64
		{3EC26754-C927-4EA9-87AF-2C6A2CC5FD0B}.Release|x64.Build.0 = Release|x64
		{3EC26754-C927-4EA9-87AF-2C6A2CC5FD0B}.Release|x86.ActiveCfg = Release|Win32
		{3EC26754-C927-4EA9-87AF-2C6A2CC5FD0B}.Release|x86.Build.0 = Release|Win32
		{14B3C98D-0CB5-4AC9-9B11-4254F37DBBA2}.Debug|x64.ActiveCfg = Debug|x64
		{14B3C98D-0CB5-4AC9-9B11-4254F37DBBA2}.Debug|x64.Build.0 = Debug|x64
		{14B3C98D-0CB5-4AC9-9B11-4254F37DBBA2}.Debug|x86.ActiveCfg = Debug|Win32
		{14B3C98D-0CB5-4AC9-9B11-4254F37DBBA2}.Debug|x86.Build.0 = Debug|Win32
		{14B3C98D-0CB5-4AC9-9B11-4254F37DBBA2}.Release|x64.ActiveCfg = Release|x64
		{14B3C98D-0CB5-4AC9-9B11-4254F37DBBA2}.Release|x64.Build.0 = Release|x64
		{14B3C98D-0CB5-4AC9-9B11-4254F37DBBA2}.Release|x86.ActiveCfg = Release|Win32
		{14B3C98D-0CB5-4AC9-9B11-4254F37DBBA2}.Release|x86.Build.0 = Release|Win32
		{4A5035B4-8827-4641-B607-AD929B69B123}.Debug|x64.ActiveCfg = Debug|x64
		{4A5035B4-8827-4641-B607-AD929B69B123}.Debug|x64.Build.0 = Debug|x64
		{4A5035B4-8827-4641-B607-AD929B69B123}.Debug|x86.ActiveCfg = Debug|Win32
		{4A5035B4-8827-4641-B607-AD929B69B123}.Debug|x86.Build.0 = Debug|Win32
		{4A5035B4-8827-4641-B607-AD929B69B123}.Release|x64.ActiveCfg = Release|x64
		{4A5035B4-8827-4641-B607-AD929B69B123}.Release|x64.Build.0 = Release|x64
		{4A5035B4-8827-4641-B607-AD929B69B123}.Release|x86.ActiveCfg = Release|Win32
		{4A5035B4-8827-4641-B607-AD929B69B123}.Release|x86.Build.0 = Release|Win32
		{216001A8-3AD4-4080-9A0E-2EABE8512D20}.Debug|x64.ActiveCfg = Debug|x64
		{216001A8-3AD4-4080-9A0E-2EABE8512D20}.Debug|x64.Build.0 = Debug|x64
		{216001A8-3AD4-4080-9A0E-2EABE8512D20}.Debug|x86.ActiveCfg = Debug|Win32
		{216001A8-3AD4-4080-9A0E-2EABE8512D20}.Debug|x86.Build.0 = Debug|Win32
		{216001A8-3AD4-4080-9A0E-2EABE8512D20}.Release|x64.ActiveCfg = Release|x64
		{216001A8-3AD4-4080-9A0E-2EABE8512D20}.Release|x64.Build.0 = Release|x64
		{216001A8-3AD4-4080-9A0E-2EABE8512D20}.Release|x86.ActiveCfg = Release|Win32
		{216001A8-3AD4-4080-9A0E-2EABE8512D20}.Release|x86.Build.0 = Release|Win32
		{29416AB7-30E2-4730-80DE-19C577FBC1E4}.Debug|x64.ActiveCfg = Debug|x64
		{29416AB7-30E2-4730-80DE-19C577FBC1E4}.Debug|x64.Build.0 = Debug|x64
		{29416AB7-30E2-4730-80DE-19C577FBC1E4}.Debug|x86.ActiveCfg = Debug|Win32
		{29416AB7-30E2-4730-80DE-19C577FBC1E4}.Debug|x86.Build.0 = Debug|Win32
		{29416AB7-30E2-4730-80DE-19C577FBC1E4}.Release|x64.ActiveCfg = Release|x64
		{29416AB7-30E2-4730-80DE-19C577FBC1E4}.Release|x64.Build.0 = Release|x64
		{29416AB7-30E2-4730-80DE-19C577FBC1E4}.Release|x86.ActiveCfg = Release|Win32
		{29416AB7-30E2-4730-80DE-19C577FBC1E4}.Release|x86.Build.0 = Release|Win32
		{EA712BDB-4549-4757-A791-00598EFE97D6}.Debug|x64.ActiveCfg = Debug|x64
		{EA712BDB-4549-4757-A791-00598EFE97D6}.Debug|x64.Build.0 = Debug|x64
		{EA712BDB-4549-4757-A791-00598EFE97D6}.Debug|x86.ActiveCfg = Debug|Win32
		{EA712BDB-4549-4757-A791-00598EFE97D6}.Debug|x86.Build.0 = Debug|Win32
		{EA712BDB-4549-4757-A791-00598EFE97D6}.Release|x64.ActiveCfg = Release|x64
		{EA712BDB-4549-4757-A791-00598EFE97D6}.Release|x64.Build.0 = Release|x64
		{EA712BDB-4549-4757-A791-00598EFE97D6}.Release|x86.ActiveCfg = Release|Win32
		{EA712BDB-4549-4757-A791-00598EFE97D6}.Release|x86.Build.0 = Release|Win32
		{C0E25166-04AB-4770-A9B9-8F5209FB5913}.Debug|x64.ActiveCfg = Debug|x64
		{C0E25166-04AB-4770-A9B9-8F5209FB5913}.Debug|x64.Build.0 = Debug|x64
		{C0E25166-04AB-4770-A9B9-8F5209FB5913}.Debug|x86.ActiveCfg = Debug|Win32
		{C0E25166-04AB-4770-A9B9-8F5209FB5913}.Debug|x86.Build.0 = Debug|Win32
		{C0E25166-04AB-4770-A9B9-8F5209FB5913}.Release|x64.ActiveCfg = Release|x64
		{C0E25166-04AB-4770-A9B9-8F5209FB5913}.Release|x64.Build.0 = Release|x64
		{C0E25166-04AB-4770-A9B9-8F5209FB5913}.Release|x86.ActiveCfg = Release|Win32
		{C0E25166-04AB-4770-A9B9-8F5209FB5913}.Release|x86.Build.0 = Release|Win32
	EndGlobalSection
	GlobalSection(SolutionProperties) = preSolution
		HideSolutionNode = FALSE
	EndGlobalSection
	GlobalSection(NestedProjects) = preSolution
		{232338D7-FC39-4D43-9CE3-F659D7A58B4A} = {7477C7C1-EA72-4022-8624-1B0469081945}
		{8D7957C3-BD7D-400A-B091-048815C959D7} = {7477C7C1-EA72-4022-8624-1B0469081945}
		{F05E2A7E-AF4D-401B-800F-013F1D2F26B0} = {42A306D3-CE83-4101-B8B0-4E6105730A83}
		{65720629-B2FE-4AF2-998C-C10CA9AA668E} = {42A306D3-CE83-4101-B8B0-4E6105730A83}
		{7C2B6D95-517F-46CB-B1E8-320127F15F0C} = {42A306D3-CE83-4101-B8B0-4E6105730A83}
		{3EC26754-C927-4EA9-87AF-2C6A2CC5FD0B} = {7477C7C1-EA72-4022-8624-1B0469081945}
		{14B3C98D-0CB5-4AC9-9B11-4254F37DBBA2} = {7477C7C1-EA72-4022-8624-1B0469081945}
		{4A5035B4-8827-4641-B607-AD929B69B123} = {7477C7C1-EA72-4022-8624-1B0469081945}
		{216001A8-3AD4-4080-9A0E-2EABE8512D20} = {42A306D3-CE83-4101-B8B0-4E6105730A83}
		{29416AB7-30E2-4730-80DE-19C577FBC1E4} = {42A306D3-CE83-4101-B8B0-4E6105730A83}
		{EA712BDB-4549-4757-A791-00598EFE97D6} = {F0BFF2DB-6101-4A8F-B2BC-B405EC6A9E2D}
		{C0E25166-04AB-4770-A9B9-8F5209FB5913} = {F0BFF2DB-6101-4A8F-B2BC-B405EC6A9E2D}
	EndGlobalSection
	GlobalSection(ExtensibilityGlobals) = postSolution
		SolutionGuid = {0FFD57BF-10FD-4C58-960B-F0D8EFD3DE85}
	EndGlobalSection
EndGlobal
